<?xml version="1.0" encoding="utf-8"?>
<Project ToolsVersion="4.0" xmlns="http://schemas.microsoft.com/developer/msbuild/2003">
  <ItemGroup>
    <Filter Include="Source Files">
      <UniqueIdentifier>{4FC737F1-C7A5-4376-A066-2A32D752A2FF}</UniqueIdentifier>
      <Extensions>cpp;c;cc;cxx;def;odl;idl;hpj;bat;asm;asmx</Extensions>
    </Filter>
    <Filter Include="Header Files">
      <UniqueIdentifier>{93995380-89BD-4b04-88EB-625FBE52EBFB}</UniqueIdentifier>
      <Extensions>h;hpp;hxx;hm;inl;inc;xsd</Extensions>
    </Filter>
    <Filter Include="Resource Files">
      <UniqueIdentifier>{67DA6AB6-F800-4c08-8B7A-83BB121AAD01}</UniqueIdentifier>
      <Extensions>rc;ico;cur;bmp;dlg;rc2;rct;bin;rgs;gif;jpg;jpeg;jpe;resx;tiff;tif;png;wav;mfcribbon-ms</Extensions>
    </Filter>
  </ItemGroup>
  <ItemGroup>
    <ClCompile Include="syscolors.c">
      <Filter>Source Files</Filter>
    </ClCompile>
    <ClCompile Include="bmpdump.c">
      <Filter>Source Files</Filter>
    </ClCompile>
    <ClCompile Include="btnpush.c">
      <Filter>Source Files</Filter>
    </ClCompile>
    <ClCompile Include="COPY.C">
      <Filter>Source Files</Filter>
    </ClCompile>
    <ClCompile Include="DIBUTIL.C">
      <Filter>Source Files</Filter>
    </ClCompile>
    <ClCompile Include="enumwin.c">
      <Filter>Source Files</Filter>
    </ClCompile>
    <ClCompile Include="file.c">
      <Filter>Source Files</Filter>
    </ClCompile>
    <ClCompile Include="ftptest.c">
      <Filter>Source Files</Filter>
    </ClCompile>
    <ClCompile Include="inst.c">
      <Filter>Source Files</Filter>
    </ClCompile>
    <ClCompile Include="memmap.c">
      <Filter>Source Files</Filter>
    </ClCompile>
    <ClCompile Include="palcomp.c">
      <Filter>Source Files</Filter>
    </ClCompile>
    <ClCompile Include="paldump.c">
      <Filter>Source Files</Filter>
    </ClCompile>
    <ClCompile Include="porttest.c">
      <Filter>Source Files</Filter>
    </ClCompile>
    <ClCompile Include="remot.c">
      <Filter>Source Files</Filter>
    </ClCompile>
    <ClCompile Include="rscmerge.c">
      <Filter>Source Files</Filter>
    </ClCompile>
    <ClCompile Include="rscprint.c">
      <Filter>Source Files</Filter>
    </ClCompile>
    <ClCompile Include="rwatson.c">
      <Filter>Source Files</Filter>
    </ClCompile>
    <ClCompile Include="scrshot.c">
      <Filter>Source Files</Filter>
    </ClCompile>
  </ItemGroup>
  <ItemGroup>
    <ClInclude Include="global.h">
      <Filter>Header Files</Filter>
    </ClInclude>
    <ClInclude Include="memmap.h">
      <Filter>Header Files</Filter>
    </ClInclude>
    <ClInclude Include="DIBAPI.H">
      <Filter>Header Files</Filter>
    </ClInclude>
    <ClInclude Include="DIBUTIL.H">
      <Filter>Header Files</Filter>
    </ClInclude>
  </ItemGroup>
  <ItemGroup>
    <None Include="UserInfo.pl">
      <Filter>Resource Files</Filter>
    </None>
    <None Include="blaksave.bat">
      <Filter>Resource Files</Filter>
    </None>
    <None Include="makefile">
      <Filter>Resource Files</Filter>
    </None>
    <None Include="crazy.pl">
      <Filter>Resource Files</Filter>
    </None>
    <None Include="genpass.pl">
      <Filter>Resource Files</Filter>
    </None>
    <None Include="make-beta-accounts.pl">
      <Filter>Resource Files</Filter>
    </None>
    <None Include="make-beta-passwords.pl">
      <Filter>Resource Files</Filter>
    </None>
    <None Include="overall.pl">
      <Filter>Resource Files</Filter>
    </None>
  </ItemGroup>
</Project>